// !$*UTF8*$!
{
	archiveVersion = 1;
	classes = {
	};
	objectVersion = 46;
	objects = {

/* Begin PBXBuildFile section */
		25571B361A7F69BF00716C9B /* main.m in Sources */ = {isa = PBXBuildFile; fileRef = 25571B351A7F69BF00716C9B /* main.m */; };
		25571B391A7F69BF00716C9B /* AppDelegate.m in Sources */ = {isa = PBXBuildFile; fileRef = 25571B381A7F69BF00716C9B /* AppDelegate.m */; };
		25571B3C1A7F69BF00716C9B /* ViewController.m in Sources */ = {isa = PBXBuildFile; fileRef = 25571B3B1A7F69BF00716C9B /* ViewController.m */; };
		25571B3F1A7F69BF00716C9B /* Main.storyboard in Resources */ = {isa = PBXBuildFile; fileRef = 25571B3D1A7F69BF00716C9B /* Main.storyboard */; };
		25571B411A7F69BF00716C9B /* Images.xcassets in Resources */ = {isa = PBXBuildFile; fileRef = 25571B401A7F69BF00716C9B /* Images.xcassets */; };
		25571B441A7F69BF00716C9B /* LaunchScreen.xib in Resources */ = {isa = PBXBuildFile; fileRef = 25571B421A7F69BF00716C9B /* LaunchScreen.xib */; };
		25571B501A7F69BF00716C9B /* YBDropUpMenuDemoTests.m in Sources */ = {isa = PBXBuildFile; fileRef = 25571B4F1A7F69BF00716C9B /* YBDropUpMenuDemoTests.m */; };
/* End PBXBuildFile section */

/* Begin PBXContainerItemProxy section */
		25571B4A1A7F69BF00716C9B /* PBXContainerItemProxy */ = {
			isa = PBXContainerItemProxy;
			containerPortal = 25571B281A7F69BF00716C9B /* Project object */;
			proxyType = 1;
			remoteGlobalIDString = 25571B2F1A7F69BF00716C9B;
			remoteInfo = YBDropUpMenuDemo;
		};
/* End PBXContainerItemProxy section */

/* Begin PBXFileReference section */
		25571B301A7F69BF00716C9B /* YBDropUpMenuDemo.app */ = {isa = PBXFileReference; explicitFileType = wrapper.application; includeInIndex = 0; path = YBDropUpMenuDemo.app; sourceTree = BUILT_PRODUCTS_DIR; };
		25571B341A7F69BF00716C9B /* Info.plist */ = {isa = PBXFileReference; lastKnownFileType = text.plist.xml; path = Info.plist; sourceTree = "<group>"; };
		25571B351A7F69BF00716C9B /* main.m */ = {isa = PBXFileReference; lastKnownFileType = sourcecode.c.objc; path = main.m; sourceTree = "<group>"; };
		25571B371A7F69BF00716C9B /* AppDelegate.h */ = {isa = PBXFileReference; lastKnownFileType = sourcecode.c.h; path = AppDelegate.h; sourceTree = "<group>"; };
		25571B381A7F69BF00716C9B /* AppDelegate.m */ = {isa = PBXFileReference; lastKnownFileType = sourcecode.c.objc; path = AppDelegate.m; sourceTree = "<group>"; };
		25571B3A1A7F69BF00716C9B /* ViewController.h */ = {isa = PBXFileReference; lastKnownFileType = sourcecode.c.h; path = ViewController.h; sourceTree = "<group>"; };
		25571B3B1A7F69BF00716C9B /* ViewController.m */ = {isa = PBXFileReference; lastKnownFileType = sourcecode.c.objc; path = ViewController.m; sourceTree = "<group>"; };
		25571B3E1A7F69BF00716C9B /* Base */ = {isa = PBXFileReference; lastKnownFileType = file.storyboard; name = Base; path = Base.lproj/Main.storyboard; sourceTree = "<group>"; };
		25571B401A7F69BF00716C9B /* Images.xcassets */ = {isa = PBXFileReference; lastKnownFileType = folder.assetcatalog; path = Images.xcassets; sourceTree = "<group>"; };
		25571B431A7F69BF00716C9B /* Base */ = {isa = PBXFileReference; lastKnownFileType = file.xib; name = Base; path = Base.lproj/LaunchScreen.xib; sourceTree = "<group>"; };
		25571B491A7F69BF00716C9B /* YBDropUpMenuDemoTests.xctest */ = {isa = PBXFileReference; explicitFileType = wrapper.cfbundle; includeInIndex = 0; path = YBDropUpMenuDemoTests.xctest; sourceTree = BUILT_PRODUCTS_DIR; };
		25571B4E1A7F69BF00716C9B /* Info.plist */ = {isa = PBXFileReference; lastKnownFileType = text.plist.xml; path = Info.plist; sourceTree = "<group>"; };
		25571B4F1A7F69BF00716C9B /* YBDropUpMenuDemoTests.m */ = {isa = PBXFileReference; lastKnownFileType = sourcecode.c.objc; path = YBDropUpMenuDemoTests.m; sourceTree = "<group>"; };
/* End PBXFileReference section */

/* Begin PBXFrameworksBuildPhase section */
		25571B2D1A7F69BF00716C9B /* Frameworks */ = {
			isa = PBXFrameworksBuildPhase;
			buildActionMask = 2147483647;
			files = (
			);
			runOnlyForDeploymentPostprocessing = 0;
		};
		25571B461A7F69BF00716C9B /* Frameworks */ = {
			isa = PBXFrameworksBuildPhase;
			buildActionMask = 2147483647;
			files = (
			);
			runOnlyForDeploymentPostprocessing = 0;
		};
/* End PBXFrameworksBuildPhase section */

/* Begin PBXGroup section */
		25571B271A7F69BF00716C9B = {
			isa = PBXGroup;
			children = (
				25571B321A7F69BF00716C9B /* YBDropUpMenuDemo */,
				25571B4C1A7F69BF00716C9B /* YBDropUpMenuDemoTests */,
				25571B311A7F69BF00716C9B /* Products */,
			);
			sourceTree = "<group>";
		};
		25571B311A7F69BF00716C9B /* Products */ = {
			isa = PBXGroup;
			children = (
				25571B301A7F69BF00716C9B /* YBDropUpMenuDemo.app */,
				25571B491A7F69BF00716C9B /* YBDropUpMenuDemoTests.xctest */,
			);
			name = Products;
			sourceTree = "<group>";
		};
		25571B321A7F69BF00716C9B /* YBDropUpMenuDemo */ = {
			isa = PBXGroup;
			children = (
				25571B371A7F69BF00716C9B /* AppDelegate.h */,
				25571B381A7F69BF00716C9B /* AppDelegate.m */,
				25571B3A1A7F69BF00716C9B /* ViewController.h */,
				25571B3B1A7F69BF00716C9B /* ViewController.m */,
				25571B3D1A7F69BF00716C9B /* Main.storyboard */,
				25571B401A7F69BF00716C9B /* Images.xcassets */,
				25571B421A7F69BF00716C9B /* LaunchScreen.xib */,
				25571B331A7F69BF00716C9B /* Supporting Files */,
			);
			path = YBDropUpMenuDemo;
			sourceTree = "<group>";
		};
		25571B331A7F69BF00716C9B /* Supporting Files */ = {
			isa = PBXGroup;
			children = (
				25571B341A7F69BF00716C9B /* Info.plist */,
				25571B351A7F69BF00716C9B /* main.m */,
			);
			name = "Supporting Files";
			sourceTree = "<group>";
		};
		25571B4C1A7F69BF00716C9B /* YBDropUpMenuDemoTests */ = {
			isa = PBXGroup;
			children = (
				25571B4F1A7F69BF00716C9B /* YBDropUpMenuDemoTests.m */,
				25571B4D1A7F69BF00716C9B /* Supporting Files */,
			);
			path = YBDropUpMenuDemoTests;
			sourceTree = "<group>";
		};
		25571B4D1A7F69BF00716C9B /* Supporting Files */ = {
			isa = PBXGroup;
			children = (
				25571B4E1A7F69BF00716C9B /* Info.plist */,
			);
			name = "Supporting Files";
			sourceTree = "<group>";
		};
/* End PBXGroup section */

/* Begin PBXNativeTarget section */
		25571B2F1A7F69BF00716C9B /* YBDropUpMenuDemo */ = {
			isa = PBXNativeTarget;
			buildConfigurationList = 25571B531A7F69BF00716C9B /* Build configuration list for PBXNativeTarget "YBDropUpMenuDemo" */;
			buildPhases = (
				25571B2C1A7F69BF00716C9B /* Sources */,
				25571B2D1A7F69BF00716C9B /* Frameworks */,
				25571B2E1A7F69BF00716C9B /* Resources */,
			);
			buildRules = (
			);
			dependencies = (
			);
			name = YBDropUpMenuDemo;
			productName = YBDropUpMenuDemo;
			productReference = 25571B301A7F69BF00716C9B /* YBDropUpMenuDemo.app */;
			productType = "com.apple.product-type.application";
		};
		25571B481A7F69BF00716C9B /* YBDropUpMenuDemoTests */ = {
			isa = PBXNativeTarget;
			buildConfigurationList = 25571B561A7F69BF00716C9B /* Build configuration list for PBXNativeTarget "YBDropUpMenuDemoTests" */;
			buildPhases = (
				25571B451A7F69BF00716C9B /* Sources */,
				25571B461A7F69BF00716C9B /* Frameworks */,
				25571B471A7F69BF00716C9B /* Resources */,
			);
			buildRules = (
			);
			dependencies = (
				25571B4B1A7F69BF00716C9B /* PBXTargetDependency */,
			);
			name = YBDropUpMenuDemoTests;
			productName = YBDropUpMenuDemoTests;
			productReference = 25571B491A7F69BF00716C9B /* YBDropUpMenuDemoTests.xctest */;
			productType = "com.apple.product-type.bundle.unit-test";
		};
/* End PBXNativeTarget section */

/* Begin PBXProject section */
		25571B281A7F69BF00716C9B /* Project object */ = {
			isa = PBXProject;
			attributes = {
				LastUpgradeCheck = 0610;
				ORGANIZATIONNAME = yuanbo;
				TargetAttributes = {
					25571B2F1A7F69BF00716C9B = {
						CreatedOnToolsVersion = 6.1.1;
					};
					25571B481A7F69BF00716C9B = {
						CreatedOnToolsVersion = 6.1.1;
						TestTargetID = 25571B2F1A7F69BF00716C9B;
					};
				};
			};
			buildConfigurationList = 25571B2B1A7F69BF00716C9B /* Build configuration list for PBXProject "YBDropUpMenuDemo" */;
			compatibilityVersion = "Xcode 3.2";
			developmentRegion = English;
			hasScannedForEncodings = 0;
			knownRegions = (
				en,
				Base,
			);
			mainGroup = 25571B271A7F69BF00716C9B;
			productRefGroup = 25571B311A7F69BF00716C9B /* Products */;
			projectDirPath = "";
			projectRoot = "";
			targets = (
				25571B2F1A7F69BF00716C9B /* YBDropUpMenuDemo */,
				25571B481A7F69BF00716C9B /* YBDropUpMenuDemoTests */,
			);
		};
/* End PBXProject section */

/* Begin PBXResourcesBuildPhase section */
		25571B2E1A7F69BF00716C9B /* Resources */ = {
			isa = PBXResourcesBuildPhase;
			buildActionMask = 2147483647;
			files = (
				25571B3F1A7F69BF00716C9B /* Main.storyboard in Resources */,
				25571B441A7F69BF00716C9B /* LaunchScreen.xib in Resources */,
				25571B411A7F69BF00716C9B /* Images.xcassets in Resources */,
			);
			runOnlyForDeploymentPostprocessing = 0;
		};
		25571B471A7F69BF00716C9B /* Resources */ = {
			isa = PBXResourcesBuildPhase;
			buildActionMask = 2147483647;
			files = (
			);
			runOnlyForDeploymentPostprocessing = 0;
		};
/* End PBXResourcesBuildPhase section */

/* Begin PBXSourcesBuildPhase section */
		25571B2C1A7F69BF00716C9B /* Sources */ = {
			isa = PBXSourcesBuildPhase;
			buildActionMask = 2147483647;
			files = (
				25571B3C1A7F69BF00716C9B /* ViewController.m in Sources */,
				25571B391A7F69BF00716C9B /* AppDelegate.m in Sources */,
				25571B361A7F69BF00716C9B /* main.m in Sources */,
			);
			runOnlyForDeploymentPostprocessing = 0;
		};
		25571B451A7F69BF00716C9B /* Sources */ = {
			isa = PBXSourcesBuildPhase;
			buildActionMask = 2147483647;
			files = (
				25571B501A7F69BF00716C9B /* YBDropUpMenuDemoTests.m in Sources */,
			);
			runOnlyForDeploymentPostprocessing = 0;
		};
/* End PBXSourcesBuildPhase section */

/* Begin PBXTargetDependency section */
		25571B4B1A7F69BF00716C9B /* PBXTargetDependency */ = {
			isa = PBXTargetDependency;
			target = 25571B2F1A7F69BF00716C9B /* YBDropUpMenuDemo */;
			targetProxy = 25571B4A1A7F69BF00716C9B /* PBXContainerItemProxy */;
		};
/* End PBXTargetDependency section */

/* Begin PBXVariantGroup section */
		25571B3D1A7F69BF00716C9B /* Main.storyboard */ = {
			isa = PBXVariantGroup;
			children = (
				25571B3E1A7F69BF00716C9B /* Base */,
			);
			name = Main.storyboard;
			sourceTree = "<group>";
		};
		25571B421A7F69BF00716C9B /* LaunchScreen.xib */ = {
			isa = PBXVariantGroup;
			children = (
				25571B431A7F69BF00716C9B /* Base */,
			);
			name = LaunchScreen.xib;
			sourceTree = "<group>";
		};
/* End PBXVariantGroup section */

/* Begin XCBuildConfiguration section */
		25571B511A7F69BF00716C9B /* Debug */ = {
			isa = XCBuildConfiguration;
			buildSettings = {
				ALWAYS_SEARCH_USER_PATHS = NO;
				CLANG_CXX_LANGUAGE_STANDARD = "gnu++0x";
				CLANG_CXX_LIBRARY = "libc++";
				CLANG_ENABLE_MODULES = YES;
				CLANG_ENABLE_OBJC_ARC = YES;
				CLANG_WARN_BOOL_CONVERSION = YES;
				CLANG_WARN_CONSTANT_CONVERSION = YES;
				CLANG_WARN_DIRECT_OBJC_ISA_USAGE = YES_ERROR;
				CLANG_WARN_EMPTY_BODY = YES;
				CLANG_WARN_ENUM_CONVERSION = YES;
				CLANG_WARN_INT_CONVERSION = YES;
				CLANG_WARN_OBJC_ROOT_CLASS = YES_ERROR;
				CLANG_WARN_UNREACHABLE_CODE = YES;
				CLANG_WARN__DUPLICATE_METHOD_MATCH = YES;
				"CODE_SIGN_IDENTITY[sdk=iphoneos*]" = "iPhone Developer";
				COPY_PHASE_STRIP = NO;
				ENABLE_STRICT_OBJC_MSGSEND = YES;
				GCC_C_LANGUAGE_STANDARD = gnu99;
				GCC_DYNAMIC_NO_PIC = NO;
				GCC_OPTIMIZATION_LEVEL = 0;
				GCC_PREPROCESSOR_DEFINITIONS = (
					"DEBUG=1",
					"$(inherited)",
				);
				GCC_SYMBOLS_PRIVATE_EXTERN = NO;
				GCC_WARN_64_TO_32_BIT_CONVERSION = YES;
				GCC_WARN_ABOUT_RETURN_TYPE = YES_ERROR;
				GCC_WARN_UNDECLARED_SELECTOR = YES;
				GCC_WARN_UNINITIALIZED_AUTOS = YES_AGGRESSIVE;
				GCC_WARN_UNUSED_FUNCTION = YES;
				GCC_WARN_UNUSED_VARIABLE = YES;
				IPHONEOS_DEPLOYMENT_TARGET = 8.1;
				MTL_ENABLE_DEBUG_INFO = YES;
				ONLY_ACTIVE_ARCH = YES;
				SDKROOT = iphoneos;
			};
			name = Debug;
		};
		25571B521A7F69BF00716C9B /* Release */ = {
			isa = XCBuildConfiguration;
			buildSettings = {
				ALWAYS_SEARCH_USER_PATHS = NO;
				CLANG_CXX_LANGUAGE_STANDARD = "gnu++0x";
				CLANG_CXX_LIBRARY = "libc++";
				CLANG_ENABLE_MODULES = YES;
				CLANG_ENABLE_OBJC_ARC = YES;
				CLANG_WARN_BOOL_CONVERSION = YES;
				CLANG_WARN_CONSTANT_CONVERSION = YES;
				CLANG_WARN_DIRECT_OBJC_ISA_USAGE = YES_ERROR;
				CLANG_WARN_EMPTY_BODY = YES;
				CLANG_WARN_ENUM_CONVERSION = YES;
				CLANG_WARN_INT_CONVERSION = YES;
				CLANG_WARN_OBJC_ROOT_CLASS = YES_ERROR;
				CLANG_WARN_UNREACHABLE_CODE = YES;
				CLANG_WARN__DUPLICATE_METHOD_MATCH = YES;
				"CODE_SIGN_IDENTITY[sdk=iphoneos*]" = "iPhone Developer";
				COPY_PHASE_STRIP = YES;
				ENABLE_NS_ASSERTIONS = NO;
				ENABLE_STRICT_OBJC_MSGSEND = YES;
				GCC_C_LANGUAGE_STANDARD = gnu99;
				GCC_WARN_64_TO_32_BIT_CONVERSION = YES;
				GCC_WARN_ABOUT_RETURN_TYPE = YES_ERROR;
				GCC_WARN_UNDECLARED_SELECTOR = YES;
				GCC_WARN_UNINITIALIZED_AUTOS = YES_AGGRESSIVE;
				GCC_WARN_UNUSED_FUNCTION = YES;
				GCC_WARN_UNUSED_VARIABLE = YES;
				IPHONEOS_DEPLOYMENT_TARGET = 8.1;
				MTL_ENABLE_DEBUG_INFO = NO;
				SDKROOT = iphoneos;
				VALIDATE_PRODUCT = YES;
			};
			name = Release;
		};
		25571B541A7F69BF00716C9B /* Debug */ = {
			isa = XCBuildConfiguration;
			buildSettings = {
				ASSETCATALOG_COMPILER_APPICON_NAME = AppIcon;
				INFOPLIST_FILE = YBDropUpMenuDemo/Info.plist;
				LD_RUNPATH_SEARCH_PATHS = "$(inherited) @executable_path/Frameworks";
				PRODUCT_NAME = "$(TARGET_NAME)";
			};
			name = Debug;
		};
		25571B551A7F69BF00716C9B /* Release */ = {
			isa = XCBuildConfiguration;
			buildSettings = {
				ASSETCATALOG_COMPILER_APPICON_NAME = AppIcon;
				INFOPLIST_FILE = YBDropUpMenuDemo/Info.plist;
				LD_RUNPATH_SEARCH_PATHS = "$(inherited) @executable_path/Frameworks";
				PRODUCT_NAME = "$(TARGET_NAME)";
			};
			name = Release;
		};
		25571B571A7F69BF00716C9B /* Debug */ = {
			isa = XCBuildConfiguration;
			buildSettings = {
				BUNDLE_LOADER = "$(TEST_HOST)";
				FRAMEWORK_SEARCH_PATHS = (
					"$(SDKROOT)/Developer/Library/Frameworks",
					"$(inherited)",
				);
				GCC_PREPROCESSOR_DEFINITIONS = (
					"DEBUG=1",
					"$(inherited)",
				);
				INFOPLIST_FILE = YBDropUpMenuDemoTests/Info.plist;
				LD_RUNPATH_SEARCH_PATHS = "$(inherited) @executable_path/Frameworks @loader_path/Frameworks";
				PRODUCT_NAME = "$(TARGET_NAME)";
				TEST_HOST = "$(BUILT_PRODUCTS_DIR)/YBDropUpMenuDemo.app/YBDropUpMenuDemo";
			};
			name = Debug;
		};
		25571B581A7F69BF00716C9B /* Release */ = {
			isa = XCBuildConfiguration;
			buildSettings = {
				BUNDLE_LOADER = "$(TEST_HOST)";
				FRAMEWORK_SEARCH_PATHS = (
					"$(SDKROOT)/Developer/Library/Frameworks",
					"$(inherited)",
				);
				INFOPLIST_FILE = YBDropUpMenuDemoTests/Info.plist;
				LD_RUNPATH_SEARCH_PATHS = "$(inherited) @executable_path/Frameworks @loader_path/Frameworks";
				PRODUCT_NAME = "$(TARGET_NAME)";
				TEST_HOST = "$(BUILT_PRODUCTS_DIR)/YBDropUpMenuDemo.app/YBDropUpMenuDemo";
			};
			name = Release;
		};
/* End XCBuildConfiguration section */

/* Begin XCConfigurationList section */
		25571B2B1A7F69BF00716C9B /* Build configuration list for PBXProject "YBDropUpMenuDemo" */ = {
			isa = XCConfigurationList;
			buildConfigurations = (
				25571B511A7F69BF00716C9B /* Debug */,
				25571B521A7F69BF00716C9B /* Release */,
			);
			defaultConfigurationIsVisible = 0;
			defaultConfigurationName = Release;
		};
		25571B531A7F69BF00716C9B /* Build configuration list for PBXNativeTarget "YBDropUpMenuDemo" */ = {
			isa = XCConfigurationList;
			buildConfigurations = (
				25571B541A7F69BF00716C9B /* Debug */,
				25571B551A7F69BF00716C9B /* Release */,
			);
			defaultConfigurationIsVisible = 0;
		};
		25571B561A7F69BF00716C9B /* Build configuration list for PBXNativeTarget "YBDropUpMenuDemoTests" */ = {
			isa = XCConfigurationList;
			buildConfigurations = (
				25571B571A7F69BF00716C9B /* Debug */,
				25571B581A7F69BF00716C9B /* Release */,
			);
			defaultConfigurationIsVisible = 0;
		};
/* End XCConfigurationList section */
	};
	rootObject = 25571B281A7F69BF00716C9B /* Project object */;
}
